
Microsoft Visual Studio Solution File, Format Version 12.00
# Visual Studio Version 17
VisualStudioVersion = 17.10.35013.160
MinimumVisualStudioVersion = 10.0.40219.1
Project("{FAE04EC0-301F-11D3-BF4B-00C04F79EFBC}") = "ManagedWinapi", "ManagedWinapi\ManagedWinapi-2022.csproj", "{FBD3EC1E-47E2-4D2D-81C9-D6506125A09A}"
EndProject
Global
	GlobalSection(SolutionConfigurationPlatforms) = preSolution
		Debug|Any CPU = Debug|Any CPU
		ReleaseSigned|Any CPU = ReleaseSigned|Any CPU
		ReleaseUnsigned|Any CPU = ReleaseUnsigned|Any CPU
	EndGlobalSection
	GlobalSection(ProjectConfigurationPlatforms) = postSolution
		{FBD3EC1E-47E2-4D2D-81C9-D6506125A09A}.Debug|Any CPU.ActiveCfg = Debug|Any CPU
		{FBD3EC1E-47E2-4D2D-81C9-D6506125A09A}.Debug|Any CPU.Build.0 = Debug|Any CPU
		{FBD3EC1E-47E2-4D2D-81C9-D6506125A09A}.ReleaseSigned|Any CPU.ActiveCfg = ReleaseSigned|Any CPU
		{FBD3EC1E-47E2-4D2D-81C9-D6506125A09A}.ReleaseSigned|Any CPU.Build.0 = ReleaseSigned|Any CPU
		{FBD3EC1E-47E2-4D2D-81C9-D6506125A09A}.ReleaseUnsigned|Any CPU.ActiveCfg = ReleaseUnsigned|Any CPU
		{FBD3EC1E-47E2-4D2D-81C9-D6506125A09A}.ReleaseUnsigned|Any CPU.Build.0 = ReleaseUnsigned|Any CPU
	EndGlobalSection
	GlobalSection(SolutionProperties) = preSolution
		HideSolutionNode = FALSE
	EndGlobalSection
	GlobalSection(ExtensibilityGlobals) = postSolution
		SolutionGuid = {CAD3606B-C404-4026-B747-6FEDF2B7A29A}
	EndGlobalSection
EndGlobal
