
Microsoft Visual Studio Solution File, Format Version 10.00
# Visual C# Express 2008
Project("{FAE04EC0-301F-11D3-BF4B-00C04F79EFBC}") = "ShootNotes", "ShootNotes\ShootNotes.csproj", "{1AEAC6DE-68E2-46FE-B500-FCF19783DB9C}"
EndProject
Global
	GlobalSection(SolutionConfigurationPlatforms) = preSolution
		Debug|Any CPU = Debug|Any CPU
		Release|Any CPU = Release|Any CPU
	EndGlobalSection
	GlobalSection(ProjectConfigurationPlatforms) = postSolution
		{1AEAC6DE-68E2-46FE-B500-FCF19783DB9C}.Debug|Any CPU.ActiveCfg = Debug|Any CPU
		{1AEAC6DE-68E2-46FE-B500-FCF19783DB9C}.Debug|Any CPU.Build.0 = Debug|Any CPU
		{1AEAC6DE-68E2-46FE-B500-FCF19783DB9C}.Release|Any CPU.ActiveCfg = Release|Any CPU
		{1AEAC6DE-68E2-46FE-B500-FCF19783DB9C}.Release|Any CPU.Build.0 = Release|Any CPU
	EndGlobalSection
	GlobalSection(SolutionProperties) = preSolution
		HideSolutionNode = FALSE
	EndGlobalSection
EndGlobal
